// !$*UTF8*$!
{
	archiveVersion = 1;
	classes = {
	};
	objectVersion = 51;
	objects = {

/* Begin PBXBuildFile section */
		964AF90D6822263377AFC963 /* Pods_0416.framework in Frameworks */ = {isa = PBXBuildFile; fileRef = D558903CBDF80E83608A25DC /* Pods_0416.framework */; };
		FF7DD46D2447E677009CF81F /* AppDelegate.swift in Sources */ = {isa = PBXBuildFile; fileRef = FF7DD46C2447E677009CF81F /* AppDelegate.swift */; };
		FF7DD46F2447E677009CF81F /* SceneDelegate.swift in Sources */ = {isa = PBXBuildFile; fileRef = FF7DD46E2447E677009CF81F /* SceneDelegate.swift */; };
		FF7DD4742447E677009CF81F /* Main.storyboard in Resources */ = {isa = PBXBuildFile; fileRef = FF7DD4722447E677009CF81F /* Main.storyboard */; };
		FF7DD4762447E677009CF81F /* Assets.xcassets in Resources */ = {isa = PBXBuildFile; fileRef = FF7DD4752447E677009CF81F /* Assets.xcassets */; };
		FF7DD4792447E677009CF81F /* LaunchScreen.storyboard in Resources */ = {isa = PBXBuildFile; fileRef = FF7DD4772447E677009CF81F /* LaunchScreen.storyboard */; };
		FF7DD4A324481A12009CF81F /* TopViewController.swift in Sources */ = {isa = PBXBuildFile; fileRef = FF7DD4A124481A12009CF81F /* TopViewController.swift */; };
		FF7DD4A424481A12009CF81F /* TopViewController.xib in Resources */ = {isa = PBXBuildFile; fileRef = FF7DD4A224481A12009CF81F /* TopViewController.xib */; };
		FF7DD4A724481A50009CF81F /* TopMainView.swift in Sources */ = {isa = PBXBuildFile; fileRef = FF7DD4A524481A50009CF81F /* TopMainView.swift */; };
		FF7DD4A824481A50009CF81F /* TopMainView.xib in Resources */ = {isa = PBXBuildFile; fileRef = FF7DD4A624481A50009CF81F /* TopMainView.xib */; };
		FF7DD4AB24481B8F009CF81F /* TopMainCollectionViewCell.swift in Sources */ = {isa = PBXBuildFile; fileRef = FF7DD4A924481B8F009CF81F /* TopMainCollectionViewCell.swift */; };
		FF7DD4AC24481B8F009CF81F /* TopMainCollectionViewCell.xib in Resources */ = {isa = PBXBuildFile; fileRef = FF7DD4AA24481B8F009CF81F /* TopMainCollectionViewCell.xib */; };
/* End PBXBuildFile section */

/* Begin PBXFileReference section */
		343FB803DDB8A21209D03F2E /* Pods-0416.debug.xcconfig */ = {isa = PBXFileReference; includeInIndex = 1; lastKnownFileType = text.xcconfig; name = "Pods-0416.debug.xcconfig"; path = "Target Support Files/Pods-0416/Pods-0416.debug.xcconfig"; sourceTree = "<group>"; };
		3BFAE5A7CA10A1CF969588ED /* Pods-0416.release.xcconfig */ = {isa = PBXFileReference; includeInIndex = 1; lastKnownFileType = text.xcconfig; name = "Pods-0416.release.xcconfig"; path = "Target Support Files/Pods-0416/Pods-0416.release.xcconfig"; sourceTree = "<group>"; };
		D558903CBDF80E83608A25DC /* Pods_0416.framework */ = {isa = PBXFileReference; explicitFileType = wrapper.framework; includeInIndex = 0; path = Pods_0416.framework; sourceTree = BUILT_PRODUCTS_DIR; };
		FF7DD4692447E676009CF81F /* 0416.app */ = {isa = PBXFileReference; explicitFileType = wrapper.application; includeInIndex = 0; path = 0416.app; sourceTree = BUILT_PRODUCTS_DIR; };
		FF7DD46C2447E677009CF81F /* AppDelegate.swift */ = {isa = PBXFileReference; lastKnownFileType = sourcecode.swift; path = AppDelegate.swift; sourceTree = "<group>"; };
		FF7DD46E2447E677009CF81F /* SceneDelegate.swift */ = {isa = PBXFileReference; lastKnownFileType = sourcecode.swift; path = SceneDelegate.swift; sourceTree = "<group>"; };
		FF7DD4732447E677009CF81F /* Base */ = {isa = PBXFileReference; lastKnownFileType = file.storyboard; name = Base; path = Base.lproj/Main.storyboard; sourceTree = "<group>"; };
		FF7DD4752447E677009CF81F /* Assets.xcassets */ = {isa = PBXFileReference; lastKnownFileType = folder.assetcatalog; path = Assets.xcassets; sourceTree = "<group>"; };
		FF7DD4782447E677009CF81F /* Base */ = {isa = PBXFileReference; lastKnownFileType = file.storyboard; name = Base; path = Base.lproj/LaunchScreen.storyboard; sourceTree = "<group>"; };
		FF7DD47A2447E677009CF81F /* Info.plist */ = {isa = PBXFileReference; lastKnownFileType = text.plist.xml; path = Info.plist; sourceTree = "<group>"; };
		FF7DD4A124481A12009CF81F /* TopViewController.swift */ = {isa = PBXFileReference; lastKnownFileType = sourcecode.swift; path = TopViewController.swift; sourceTree = "<group>"; };
		FF7DD4A224481A12009CF81F /* TopViewController.xib */ = {isa = PBXFileReference; lastKnownFileType = file.xib; path = TopViewController.xib; sourceTree = "<group>"; };
		FF7DD4A524481A50009CF81F /* TopMainView.swift */ = {isa = PBXFileReference; lastKnownFileType = sourcecode.swift; path = TopMainView.swift; sourceTree = "<group>"; };
		FF7DD4A624481A50009CF81F /* TopMainView.xib */ = {isa = PBXFileReference; lastKnownFileType = file.xib; path = TopMainView.xib; sourceTree = "<group>"; };
		FF7DD4A924481B8F009CF81F /* TopMainCollectionViewCell.swift */ = {isa = PBXFileReference; lastKnownFileType = sourcecode.swift; path = TopMainCollectionViewCell.swift; sourceTree = "<group>"; };
		FF7DD4AA24481B8F009CF81F /* TopMainCollectionViewCell.xib */ = {isa = PBXFileReference; lastKnownFileType = file.xib; path = TopMainCollectionViewCell.xib; sourceTree = "<group>"; };
/* End PBXFileReference section */

/* Begin PBXFrameworksBuildPhase section */
		FF7DD4662447E676009CF81F /* Frameworks */ = {
			isa = PBXFrameworksBuildPhase;
			buildActionMask = 2147483647;
			files = (
				964AF90D6822263377AFC963 /* Pods_0416.framework in Frameworks */,
			);
			runOnlyForDeploymentPostprocessing = 0;
		};
/* End PBXFrameworksBuildPhase section */

/* Begin PBXGroup section */
		D06DBD01064B0FCD543EB0D7 /* Frameworks */ = {
			isa = PBXGroup;
			children = (
				D558903CBDF80E83608A25DC /* Pods_0416.framework */,
			);
			name = Frameworks;
			sourceTree = "<group>";
		};
		FCD7F468377CA572B375AA65 /* Pods */ = {
			isa = PBXGroup;
			children = (
				343FB803DDB8A21209D03F2E /* Pods-0416.debug.xcconfig */,
				3BFAE5A7CA10A1CF969588ED /* Pods-0416.release.xcconfig */,
			);
			path = Pods;
			sourceTree = "<group>";
		};
		FF7DD4602447E676009CF81F = {
			isa = PBXGroup;
			children = (
				FF7DD46B2447E676009CF81F /* 0416 */,
				FF7DD46A2447E676009CF81F /* Products */,
				FCD7F468377CA572B375AA65 /* Pods */,
				D06DBD01064B0FCD543EB0D7 /* Frameworks */,
			);
			sourceTree = "<group>";
		};
		FF7DD46A2447E676009CF81F /* Products */ = {
			isa = PBXGroup;
			children = (
				FF7DD4692447E676009CF81F /* 0416.app */,
			);
			name = Products;
			sourceTree = "<group>";
		};
		FF7DD46B2447E676009CF81F /* 0416 */ = {
			isa = PBXGroup;
			children = (
				FF7DD4A024481A05009CF81F /* Top */,
				FF7DD46C2447E677009CF81F /* AppDelegate.swift */,
				FF7DD46E2447E677009CF81F /* SceneDelegate.swift */,
				FF7DD4722447E677009CF81F /* Main.storyboard */,
				FF7DD4752447E677009CF81F /* Assets.xcassets */,
				FF7DD4772447E677009CF81F /* LaunchScreen.storyboard */,
				FF7DD47A2447E677009CF81F /* Info.plist */,
			);
			path = 0416;
			sourceTree = "<group>";
		};
		FF7DD4A024481A05009CF81F /* Top */ = {
			isa = PBXGroup;
			children = (
				FF7DD4A124481A12009CF81F /* TopViewController.swift */,
				FF7DD4A224481A12009CF81F /* TopViewController.xib */,
				FF7DD4A524481A50009CF81F /* TopMainView.swift */,
				FF7DD4A624481A50009CF81F /* TopMainView.xib */,
				FF7DD4A924481B8F009CF81F /* TopMainCollectionViewCell.swift */,
				FF7DD4AA24481B8F009CF81F /* TopMainCollectionViewCell.xib */,
			);
			path = Top;
			sourceTree = "<group>";
		};
/* End PBXGroup section */

/* Begin PBXNativeTarget section */
		FF7DD4682447E676009CF81F /* 0416 */ = {
			isa = PBXNativeTarget;
			buildConfigurationList = FF7DD47D2447E677009CF81F /* Build configuration list for PBXNativeTarget "0416" */;
			buildPhases = (
				D8DBEFBDED2EDC3DB90980CB /* [CP] Check Pods Manifest.lock */,
				FF7DD4652447E676009CF81F /* Sources */,
				FF7DD4662447E676009CF81F /* Frameworks */,
				FF7DD4672447E676009CF81F /* Resources */,
				4AC25B5A2D0B242D1D0FE78F /* [CP] Embed Pods Frameworks */,
			);
			buildRules = (
			);
			dependencies = (
			);
			name = 0416;
			productName = 0416;
			productReference = FF7DD4692447E676009CF81F /* 0416.app */;
			productType = "com.apple.product-type.application";
		};
/* End PBXNativeTarget section */

/* Begin PBXProject section */
		FF7DD4612447E676009CF81F /* Project object */ = {
			isa = PBXProject;
			attributes = {
				LastSwiftUpdateCheck = 1140;
				LastUpgradeCheck = 1140;
				ORGANIZATIONNAME = "ASW-研修１";
				TargetAttributes = {
					FF7DD4682447E676009CF81F = {
						CreatedOnToolsVersion = 11.4;
					};
				};
			};
			buildConfigurationList = FF7DD4642447E676009CF81F /* Build configuration list for PBXProject "0416" */;
			compatibilityVersion = "Xcode 9.3";
			developmentRegion = en;
			hasScannedForEncodings = 0;
			knownRegions = (
				en,
				Base,
			);
			mainGroup = FF7DD4602447E676009CF81F;
			productRefGroup = FF7DD46A2447E676009CF81F /* Products */;
			projectDirPath = "";
			projectRoot = "";
			targets = (
				FF7DD4682447E676009CF81F /* 0416 */,
			);
		};
/* End PBXProject section */

/* Begin PBXResourcesBuildPhase section */
		FF7DD4672447E676009CF81F /* Resources */ = {
			isa = PBXResourcesBuildPhase;
			buildActionMask = 2147483647;
			files = (
				FF7DD4A824481A50009CF81F /* TopMainView.xib in Resources */,
				FF7DD4A424481A12009CF81F /* TopViewController.xib in Resources */,
				FF7DD4792447E677009CF81F /* LaunchScreen.storyboard in Resources */,
				FF7DD4AC24481B8F009CF81F /* TopMainCollectionViewCell.xib in Resources */,
				FF7DD4762447E677009CF81F /* Assets.xcassets in Resources */,
				FF7DD4742447E677009CF81F /* Main.storyboard in Resources */,
			);
			runOnlyForDeploymentPostprocessing = 0;
		};
/* End PBXResourcesBuildPhase section */

/* Begin PBXShellScriptBuildPhase section */
		4AC25B5A2D0B242D1D0FE78F /* [CP] Embed Pods Frameworks */ = {
			isa = PBXShellScriptBuildPhase;
			buildActionMask = 2147483647;
			files = (
			);
			inputFileListPaths = (
				"${PODS_ROOT}/Target Support Files/Pods-0416/Pods-0416-frameworks-${CONFIGURATION}-input-files.xcfilelist",
			);
			name = "[CP] Embed Pods Frameworks";
			outputFileListPaths = (
				"${PODS_ROOT}/Target Support Files/Pods-0416/Pods-0416-frameworks-${CONFIGURATION}-output-files.xcfilelist",
			);
			runOnlyForDeploymentPostprocessing = 0;
			shellPath = /bin/sh;
			shellScript = "\"${PODS_ROOT}/Target Support Files/Pods-0416/Pods-0416-frameworks.sh\"\n";
			showEnvVarsInLog = 0;
		};
		D8DBEFBDED2EDC3DB90980CB /* [CP] Check Pods Manifest.lock */ = {
			isa = PBXShellScriptBuildPhase;
			buildActionMask = 2147483647;
			files = (
			);
			inputFileListPaths = (
			);
			inputPaths = (
				"${PODS_PODFILE_DIR_PATH}/Podfile.lock",
				"${PODS_ROOT}/Manifest.lock",
			);
			name = "[CP] Check Pods Manifest.lock";
			outputFileListPaths = (
			);
			outputPaths = (
				"$(DERIVED_FILE_DIR)/Pods-0416-checkManifestLockResult.txt",
			);
			runOnlyForDeploymentPostprocessing = 0;
			shellPath = /bin/sh;
			shellScript = "diff \"${PODS_PODFILE_DIR_PATH}/Podfile.lock\" \"${PODS_ROOT}/Manifest.lock\" > /dev/null\nif [ $? != 0 ] ; then\n    # print error to STDERR\n    echo \"error: The sandbox is not in sync with the Podfile.lock. Run 'pod install' or update your CocoaPods installation.\" >&2\n    exit 1\nfi\n# This output is used by Xcode 'outputs' to avoid re-running this script phase.\necho \"SUCCESS\" > \"${SCRIPT_OUTPUT_FILE_0}\"\n";
			showEnvVarsInLog = 0;
		};
/* End PBXShellScriptBuildPhase section */

/* Begin PBXSourcesBuildPhase section */
		FF7DD4652447E676009CF81F /* Sources */ = {
			isa = PBXSourcesBuildPhase;
			buildActionMask = 2147483647;
			files = (
				FF7DD4AB24481B8F009CF81F /* TopMainCollectionViewCell.swift in Sources */,
				FF7DD4A324481A12009CF81F /* TopViewController.swift in Sources */,
				FF7DD46D2447E677009CF81F /* AppDelegate.swift in Sources */,
				FF7DD46F2447E677009CF81F /* SceneDelegate.swift in Sources */,
				FF7DD4A724481A50009CF81F /* TopMainView.swift in Sources */,
			);
			runOnlyForDeploymentPostprocessing = 0;
		};
/* End PBXSourcesBuildPhase section */

/* Begin PBXVariantGroup section */
		FF7DD4722447E677009CF81F /* Main.storyboard */ = {
			isa = PBXVariantGroup;
			children = (
				FF7DD4732447E677009CF81F /* Base */,
			);
			name = Main.storyboard;
			sourceTree = "<group>";
		};
		FF7DD4772447E677009CF81F /* LaunchScreen.storyboard */ = {
			isa = PBXVariantGroup;
			children = (
				FF7DD4782447E677009CF81F /* Base */,
			);
			name = LaunchScreen.storyboard;
			sourceTree = "<group>";
		};
/* End PBXVariantGroup section */

/* Begin XCBuildConfiguration section */
		FF7DD47B2447E677009CF81F /* Debug */ = {
			isa = XCBuildConfiguration;
			buildSettings = {
				ALWAYS_SEARCH_USER_PATHS = NO;
				CLANG_ANALYZER_NONNULL = YES;
				CLANG_ANALYZER_NUMBER_OBJECT_CONVERSION = YES_AGGRESSIVE;
				CLANG_CXX_LANGUAGE_STANDARD = "gnu++14";
				CLANG_CXX_LIBRARY = "libc++";
				CLANG_ENABLE_MODULES = YES;
				CLANG_ENABLE_OBJC_ARC = YES;
				CLANG_ENABLE_OBJC_WEAK = YES;
				CLANG_WARN_BLOCK_CAPTURE_AUTORELEASING = YES;
				CLANG_WARN_BOOL_CONVERSION = YES;
				CLANG_WARN_COMMA = YES;
				CLANG_WARN_CONSTANT_CONVERSION = YES;
				CLANG_WARN_DEPRECATED_OBJC_IMPLEMENTATIONS = YES;
				CLANG_WARN_DIRECT_OBJC_ISA_USAGE = YES_ERROR;
				CLANG_WARN_DOCUMENTATION_COMMENTS = YES;
				CLANG_WARN_EMPTY_BODY = YES;
				CLANG_WARN_ENUM_CONVERSION = YES;
				CLANG_WARN_INFINITE_RECURSION = YES;
				CLANG_WARN_INT_CONVERSION = YES;
				CLANG_WARN_NON_LITERAL_NULL_CONVERSION = YES;
				CLANG_WARN_OBJC_IMPLICIT_RETAIN_SELF = YES;
				CLANG_WARN_OBJC_LITERAL_CONVERSION = YES;
				CLANG_WARN_OBJC_ROOT_CLASS = YES_ERROR;
				CLANG_WARN_RANGE_LOOP_ANALYSIS = YES;
				CLANG_WARN_STRICT_PROTOTYPES = YES;
				CLANG_WARN_SUSPICIOUS_MOVE = YES;
				CLANG_WARN_UNGUARDED_AVAILABILITY = YES_AGGRESSIVE;
				CLANG_WARN_UNREACHABLE_CODE = YES;
				CLANG_WARN__DUPLICATE_METHOD_MATCH = YES;
				COPY_PHASE_STRIP = NO;
				DEBUG_INFORMATION_FORMAT = dwarf;
				ENABLE_STRICT_OBJC_MSGSEND = YES;
				ENABLE_TESTABILITY = YES;
				GCC_C_LANGUAGE_STANDARD = gnu11;
				GCC_DYNAMIC_NO_PIC = NO;
				GCC_NO_COMMON_BLOCKS = YES;
				GCC_OPTIMIZATION_LEVEL = 0;
				GCC_PREPROCESSOR_DEFINITIONS = (
					"DEBUG=1",
					"$(inherited)",
				);
				GCC_WARN_64_TO_32_BIT_CONVERSION = YES;
				GCC_WARN_ABOUT_RETURN_TYPE = YES_ERROR;
				GCC_WARN_UNDECLARED_SELECTOR = YES;
				GCC_WARN_UNINITIALIZED_AUTOS = YES_AGGRESSIVE;
				GCC_WARN_UNUSED_FUNCTION = YES;
				GCC_WARN_UNUSED_VARIABLE = YES;
				IPHONEOS_DEPLOYMENT_TARGET = 13.4;
				MTL_ENABLE_DEBUG_INFO = INCLUDE_SOURCE;
				MTL_FAST_MATH = YES;
				ONLY_ACTIVE_ARCH = YES;
				SDKROOT = iphoneos;
				SWIFT_ACTIVE_COMPILATION_CONDITIONS = DEBUG;
				SWIFT_OPTIMIZATION_LEVEL = "-Onone";
			};
			name = Debug;
		};
		FF7DD47C2447E677009CF81F /* Release */ = {
			isa = XCBuildConfiguration;
			buildSettings = {
				ALWAYS_SEARCH_USER_PATHS = NO;
				CLANG_ANALYZER_NONNULL = YES;
				CLANG_ANALYZER_NUMBER_OBJECT_CONVERSION = YES_AGGRESSIVE;
				CLANG_CXX_LANGUAGE_STANDARD = "gnu++14";
				CLANG_CXX_LIBRARY = "libc++";
				CLANG_ENABLE_MODULES = YES;
				CLANG_ENABLE_OBJC_ARC = YES;
				CLANG_ENABLE_OBJC_WEAK = YES;
				CLANG_WARN_BLOCK_CAPTURE_AUTORELEASING = YES;
				CLANG_WARN_BOOL_CONVERSION = YES;
				CLANG_WARN_COMMA = YES;
				CLANG_WARN_CONSTANT_CONVERSION = YES;
				CLANG_WARN_DEPRECATED_OBJC_IMPLEMENTATIONS = YES;
				CLANG_WARN_DIRECT_OBJC_ISA_USAGE = YES_ERROR;
				CLANG_WARN_DOCUMENTATION_COMMENTS = YES;
				CLANG_WARN_EMPTY_BODY = YES;
				CLANG_WARN_ENUM_CONVERSION = YES;
				CLANG_WARN_INFINITE_RECURSION = YES;
				CLANG_WARN_INT_CONVERSION = YES;
				CLANG_WARN_NON_LITERAL_NULL_CONVERSION = YES;
				CLANG_WARN_OBJC_IMPLICIT_RETAIN_SELF = YES;
				CLANG_WARN_OBJC_LITERAL_CONVERSION = YES;
				CLANG_WARN_OBJC_ROOT_CLASS = YES_ERROR;
				CLANG_WARN_RANGE_LOOP_ANALYSIS = YES;
				CLANG_WARN_STRICT_PROTOTYPES = YES;
				CLANG_WARN_SUSPICIOUS_MOVE = YES;
				CLANG_WARN_UNGUARDED_AVAILABILITY = YES_AGGRESSIVE;
				CLANG_WARN_UNREACHABLE_CODE = YES;
				CLANG_WARN__DUPLICATE_METHOD_MATCH = YES;
				COPY_PHASE_STRIP = NO;
				DEBUG_INFORMATION_FORMAT = "dwarf-with-dsym";
				ENABLE_NS_ASSERTIONS = NO;
				ENABLE_STRICT_OBJC_MSGSEND = YES;
				GCC_C_LANGUAGE_STANDARD = gnu11;
				GCC_NO_COMMON_BLOCKS = YES;
				GCC_WARN_64_TO_32_BIT_CONVERSION = YES;
				GCC_WARN_ABOUT_RETURN_TYPE = YES_ERROR;
				GCC_WARN_UNDECLARED_SELECTOR = YES;
				GCC_WARN_UNINITIALIZED_AUTOS = YES_AGGRESSIVE;
				GCC_WARN_UNUSED_FUNCTION = YES;
				GCC_WARN_UNUSED_VARIABLE = YES;
				IPHONEOS_DEPLOYMENT_TARGET = 13.4;
				MTL_ENABLE_DEBUG_INFO = NO;
				MTL_FAST_MATH = YES;
				SDKROOT = iphoneos;
				SWIFT_COMPILATION_MODE = wholemodule;
				SWIFT_OPTIMIZATION_LEVEL = "-O";
				VALIDATE_PRODUCT = YES;
			};
			name = Release;
		};
		FF7DD47E2447E677009CF81F /* Debug */ = {
			isa = XCBuildConfiguration;
			baseConfigurationReference = 343FB803DDB8A21209D03F2E /* Pods-0416.debug.xcconfig */;
			buildSettings = {
				ASSETCATALOG_COMPILER_APPICON_NAME = AppIcon;
				CODE_SIGN_STYLE = Automatic;
				DEVELOPMENT_TEAM = G5J9CUPJ27;
				INFOPLIST_FILE = 0416/Info.plist;
				LD_RUNPATH_SEARCH_PATHS = (
					"$(inherited)",
					"@executable_path/Frameworks",
				);
				PRODUCT_BUNDLE_IDENTIFIER = "asw-ink.-416";
				PRODUCT_NAME = "$(TARGET_NAME)";
				SWIFT_VERSION = 5.0;
				TARGETED_DEVICE_FAMILY = "1,2";
			};
			name = Debug;
		};
		FF7DD47F2447E677009CF81F /* Release */ = {
			isa = XCBuildConfiguration;
			baseConfigurationReference = 3BFAE5A7CA10A1CF969588ED /* Pods-0416.release.xcconfig */;
			buildSettings = {
				ASSETCATALOG_COMPILER_APPICON_NAME = AppIcon;
				CODE_SIGN_STYLE = Automatic;
				DEVELOPMENT_TEAM = G5J9CUPJ27;
				INFOPLIST_FILE = 0416/Info.plist;
				LD_RUNPATH_SEARCH_PATHS = (
					"$(inherited)",
					"@executable_path/Frameworks",
				);
				PRODUCT_BUNDLE_IDENTIFIER = "asw-ink.-416";
				PRODUCT_NAME = "$(TARGET_NAME)";
				SWIFT_VERSION = 5.0;
				TARGETED_DEVICE_FAMILY = "1,2";
			};
			name = Release;
		};
/* End XCBuildConfiguration section */

/* Begin XCConfigurationList section */
		FF7DD4642447E676009CF81F /* Build configuration list for PBXProject "0416" */ = {
			isa = XCConfigurationList;
			buildConfigurations = (
				FF7DD47B2447E677009CF81F /* Debug */,
				FF7DD47C2447E677009CF81F /* Release */,
			);
			defaultConfigurationIsVisible = 0;
			defaultConfigurationName = Release;
		};
		FF7DD47D2447E677009CF81F /* Build configuration list for PBXNativeTarget "0416" */ = {
			isa = XCConfigurationList;
			buildConfigurations = (
				FF7DD47E2447E677009CF81F /* Debug */,
				FF7DD47F2447E677009CF81F /* Release */,
			);
			defaultConfigurationIsVisible = 0;
			defaultConfigurationName = Release;
		};
/* End XCConfigurationList section */
	};
	rootObject = FF7DD4612447E676009CF81F /* Project object */;
}
